Microsoft Visual Studio Solution File, Format Version 12.00
# Visual Studio Version 17
VisualStudioVersion = 17.0.31612.314
MinimumVisualStudioVersion = 10.0.40219.1
Project("{FAE04EC0-301F-11D3-BF4B-00C04F79EFBC}") = "WeMosDefWeb", "WeMosDefWeb\WeMosDefWeb.csproj", "{6F2A9B48-2C7E-4C5C-9A3C-5B9E0E9D8C11}"
EndProject
Project("{FAE04EC0-301F-11D3-BF4B-00C04F79EFBC}") = "WeMosDef", "WeMosDef\WeMosDef.csproj", "{17E4F8EB-58C2-408C-A4F1-3A260B07662E}"
EndProject
Global
	GlobalSection(SolutionConfigurationPlatforms) = preSolution
		Debug|Any CPU = Debug|Any CPU
		Release|Any CPU = Release|Any CPU
	EndGlobalSection
	GlobalSection(ProjectConfigurationPlatforms) = postSolution
		{6F2A9B48-2C7E-4C5C-9A3C-5B9E0E9D8C11}.Debug|Any CPU.ActiveCfg = Debug|Any CPU
		{6F2A9B48-2C7E-4C5C-9A3C-5B9E0E9D8C11}.Debug|Any CPU.Build.0 = Debug|Any CPU
		{6F2A9B48-2C7E-4C5C-9A3C-5B9E0E9D8C11}.Release|Any CPU.ActiveCfg = Release|Any CPU
		{6F2A9B48-2C7E-4C5C-9A3C-5B9E0E9D8C11}.Release|Any CPU.Build.0 = Release|Any CPU
		{17E4F8EB-58C2-408C-A4F1-3A260B07662E}.Debug|Any CPU.ActiveCfg = Debug|Any CPU
		{17E4F8EB-58C2-408C-A4F1-3A260B07662E}.Debug|Any CPU.Build.0 = Debug|Any CPU
		{17E4F8EB-58C2-408C-A4F1-3A260B07662E}.Release|Any CPU.ActiveCfg = Release|Any CPU
		{17E4F8EB-58C2-408C-A4F1-3A260B07662E}.Release|Any CPU.Build.0 = Release|Any CPU
	EndGlobalSection
	GlobalSection(SolutionProperties) = preSolution
		HideSolutionNode = FALSE
	EndGlobalSection
	GlobalSection(ExtensibilityGlobals) = postSolution
		SolutionGuid = {89051E7E-C718-4A92-9856-981EB865924B}
	EndGlobalSection
EndGlobal
